
Microsoft Visual Studio Solution File, Format Version 11.00
# Visual Studio 2010
Project("{FAE04EC0-301F-11D3-BF4B-00C04F79EFBC}") = "CUDAFingerprinting.Common.OrientationField", "CUDAFingerprinting.Common.OrientationField\CUDAFingerprinting.Common.OrientationField.csproj", "{5EEC4BD2-E1B0-4794-948A-45732CD41F99}"
EndProject
Project("{8BC9CEB8-8B4A-11D0-8D11-00A0C91BC942}") = "CUDAFingercode", "CUDAFingercode\CUDAFingercode.vcxproj", "{37C1F4E0-0285-4816-97B8-C7140EC0FD88}"
EndProject
Project("{FAE04EC0-301F-11D3-BF4B-00C04F79EFBC}") = "CUDAFingerprint", "CUDAFingerprint\CUDAFingerprint.csproj", "{0BA2BA9A-687E-41D5-9564-653667A3323B}"
	ProjectSection(ProjectDependencies) = postProject
		{37C1F4E0-0285-4816-97B8-C7140EC0FD88} = {37C1F4E0-0285-4816-97B8-C7140EC0FD88}
	EndProjectSection
EndProject
Project("{FAE04EC0-301F-11D3-BF4B-00C04F79EFBC}") = "CUDAFingerprinting.Common", "CUDAFingerprinting.Common\CUDAFingerprinting.Common.csproj", "{6FD094CC-0F63-47BD-A377-F054AE615517}"
EndProject
Project("{FAE04EC0-301F-11D3-BF4B-00C04F79EFBC}") = "CUDAFingerprinting.TemplateBuilding.FingerCode", "CUDAFingerprinting.TemplateBuilding.FingerCode\CUDAFingerprinting.TemplateBuilding.FingerCode.csproj", "{0826A364-6A2F-4351-AFFA-7877BF8578F3}"
EndProject
Project("{FAE04EC0-301F-11D3-BF4B-00C04F79EFBC}") = "CUDAFingerprinting.Matching.Minutiae.BasicMatcher", "CUDAFingerprinting.Matching.Minutiae.BasicMatcher\CUDAFingerprinting.Matching.Minutiae.BasicMatcher.csproj", "{9139DE55-F3B0-4118-83A6-9604D83DCBC6}"
EndProject
Project("{8BC9CEB8-8B4A-11D0-8D11-00A0C91BC942}") = "CUDAMinutiaeMatcher", "CUDAMinutiaeMatcher\CUDAMinutiaeMatcher.vcxproj", "{98E3BD2D-0774-472E-A5F7-4E8EC945D651}"
EndProject
Project("{FAE04EC0-301F-11D3-BF4B-00C04F79EFBC}") = "CUDAFingerprinting.ReferencePoint.VSCOME", "CUDAFingerprinting.ReferencePoint.VSCOME\CUDAFingerprinting.ReferencePoint.VSCOME.csproj", "{5ABE7D91-51F9-46B8-ADA5-5CDFF6B0781E}"
EndProject
Project("{FAE04EC0-301F-11D3-BF4B-00C04F79EFBC}") = "CUDAFingerprinting.ReferencePoint.ComplexFiltering", "CUDAFingerprinting.ReferencePoint.ComplexFiltering\CUDAFingerprinting.ReferencePoint.ComplexFiltering.csproj", "{A4F068DE-AACD-4FBC-8C5D-8F1EF8A1591B}"
EndProject
Project("{FAE04EC0-301F-11D3-BF4B-00C04F79EFBC}") = "CUDAFingerprinting.ReferencePoint.HoughPoincare", "CUDAFingerprinting.ReferencePoint.HoughPoincare\CUDAFingerprinting.ReferencePoint.HoughPoincare.csproj", "{64FB4D9D-1046-4444-A15D-A2CB392F9F5A}"
EndProject
Project("{2150E333-8FDC-42A3-9474-1A3956D46DE8}") = "CPU", "CPU", "{9D6BCF2F-F319-44A5-A22D-DE1588E51CE7}"
EndProject
Project("{2150E333-8FDC-42A3-9474-1A3956D46DE8}") = "GPU", "GPU", "{CBFC5374-A7E8-4511-BDDF-431518148856}"
EndProject
Project("{2150E333-8FDC-42A3-9474-1A3956D46DE8}") = "Common", "Common", "{E1D96C30-1596-4CC9-8F10-31335FD69F87}"
EndProject
Project("{2150E333-8FDC-42A3-9474-1A3956D46DE8}") = "Image Enhancement", "Image Enhancement", "{D9C88B60-F0F0-4008-AC9F-0E4C9861DC7F}"
EndProject
Project("{2150E333-8FDC-42A3-9474-1A3956D46DE8}") = "Template building", "Template building", "{2F3D03AF-9E78-4166-A27E-16D815D2D60D}"
EndProject
Project("{FAE04EC0-301F-11D3-BF4B-00C04F79EFBC}") = "CUDAFingerprinting.ImageEnhancement.LinearSymmetry", "CUDAFingerprinting.ImageEnhancement.LinearSymmetry\CUDAFingerprinting.ImageEnhancement.LinearSymmetry.csproj", "{83EBBA4F-41BD-4103-92DA-8923AEC11EFA}"
EndProject
Project("{FAE04EC0-301F-11D3-BF4B-00C04F79EFBC}") = "CUDAFingerprinting.Common.ComplexFilters", "CUDAFingerprinting.Common.ComplexFilters\CUDAFingerprinting.Common.ComplexFilters.csproj", "{9CBC91CE-0EE7-4A78-A5F5-89EA40023F52}"
EndProject
Project("{FAE04EC0-301F-11D3-BF4B-00C04F79EFBC}") = "CUDAFingerprinting.TemplateBuilding.Minutiae.ComplexFiltering", "CUDAFingerprinting.TemplateBuilding.Minutiae.ComplexFiltering\CUDAFingerprinting.TemplateBuilding.Minutiae.ComplexFiltering.csproj", "{01F4E3A6-AC45-4A74-B757-9EA4675B7688}"
EndProject
Project("{2150E333-8FDC-42A3-9474-1A3956D46DE8}") = "Reference point extraction", "Reference point extraction", "{56B26949-F946-4327-AE7C-1104B3418B02}"
EndProject
Project("{2150E333-8FDC-42A3-9474-1A3956D46DE8}") = "Matching", "Matching", "{FD5F3081-19EA-4120-93E6-60A16767BE20}"
EndProject
Project("{2150E333-8FDC-42A3-9474-1A3956D46DE8}") = "Tests", "Tests", "{035755C9-6E6C-4124-A5B3-A5E9D5F5DA21}"
EndProject
Project("{FAE04EC0-301F-11D3-BF4B-00C04F79EFBC}") = "CUDAFingerprinting.TemplateBuilding.Minutiae.BinarizationThinking", "CUDAFingerprinting.TemplateBuilding.Minutiae.BinarizationThinking\CUDAFingerprinting.TemplateBuilding.Minutiae.BinarizationThinking.csproj", "{74B7C604-38C8-475D-AD0E-0A5D1519FEC9}"
EndProject
Project("{FAE04EC0-301F-11D3-BF4B-00C04F79EFBC}") = "CUDAFingerprinting.TemplateBuilding.Minutiae.BinarizationThining.Tests", "CUDAFingerprinting.TemplateBuilding.Minutiae.BinarizationThinking.Tests\CUDAFingerprinting.TemplateBuilding.Minutiae.BinarizationThining.Tests.csproj", "{F2CF4953-53C3-4BDD-BAD5-C93D65E3F47C}"
EndProject
Project("{FAE04EC0-301F-11D3-BF4B-00C04F79EFBC}") = "CUDAFingerprinting.ImageEnhancement.ContextualGabor", "CUDAFingerprinting.ImageEnhancement.ContextualGabor\CUDAFingerprinting.ImageEnhancement.ContextualGabor.csproj", "{8E0B3659-1BED-4580-B777-FE45D6840175}"
EndProject
Project("{FAE04EC0-301F-11D3-BF4B-00C04F79EFBC}") = "CUDAFingerprinting.Common.Segmentation", "CUDAFingerprinting.Common.Segmentation\CUDAFingerprinting.Common.Segmentation.csproj", "{6BEF775C-E400-4EA6-A220-15BE47B27148}"
EndProject
Project("{FAE04EC0-301F-11D3-BF4B-00C04F79EFBC}") = "CUDAFingerprinting.Common.Segmentation.Tests", "CUDAFingerprinting.Common.Segmentation.Tests\CUDAFingerprinting.Common.Segmentation.Tests.csproj", "{52391E9E-C750-4C33-BB5D-118555C98C80}"
EndProject
Project("{FAE04EC0-301F-11D3-BF4B-00C04F79EFBC}") = "CUDAFingerprinting.Common.ConvexHull", "CUDAFingerprinting.Common.ConvexHull\CUDAFingerprinting.Common.ConvexHull.csproj", "{DDF83AFE-585E-463E-8835-FD11B389EF04}"
EndProject
Project("{FAE04EC0-301F-11D3-BF4B-00C04F79EFBC}") = "CUDAFingerprinting.Common.Serialization", "CUDAFingerprinting.Common.SerializationHelper\CUDAFingerprinting.Common.Serialization.csproj", "{C57F6464-8900-4CC8-A08C-5A7B33BDAF60}"
EndProject
Project("{FAE04EC0-301F-11D3-BF4B-00C04F79EFBC}") = "CUDAFingerprinting.Common.ConvexHull.Test", "CUDAFingerprinting.Common.ConvexHull.Test\CUDAFingerprinting.Common.ConvexHull.Test.csproj", "{40003687-EBA3-4E83-8076-357F83F89C70}"
EndProject
Project("{8BC9CEB8-8B4A-11D0-8D11-00A0C91BC942}") = "CUDAConvexHull", "CUDAConvexHull\CUDAConvexHull.vcxproj", "{EE1897E3-C25D-468E-855D-F9C6F8890D47}"
	ProjectSection(ProjectDependencies) = postProject
		{37C1F4E0-0285-4816-97B8-C7140EC0FD88} = {37C1F4E0-0285-4816-97B8-C7140EC0FD88}
	EndProjectSection
EndProject
Project("{8BC9CEB8-8B4A-11D0-8D11-00A0C91BC942}") = "CUDAThining", "CUDAThining\CUDAThining.vcxproj", "{4E94B69F-754B-4463-B141-B03DC58B1FBC}"
EndProject
Project("{8BC9CEB8-8B4A-11D0-8D11-00A0C91BC942}") = "CUDASegmentation", "CUDASegmentation\CUDASegmentation.vcxproj", "{54E311BD-F946-4615-A3A8-443AC8D76F45}"
EndProject
Project("{FAE04EC0-301F-11D3-BF4B-00C04F79EFBC}") = "CUDAFingerprinting.ImageEnhancement.ContextualGabor.Tests", "CUDAFingerprinting.ImageEnhancement.ContextualGabor.Tests\CUDAFingerprinting.ImageEnhancement.ContextualGabor.Tests.csproj", "{2903088B-5258-448A-B107-32B5C8D78C73}"
EndProject
Project("{8BC9CEB8-8B4A-11D0-8D11-00A0C91BC942}") = "CUDABinarization", "CUDABinarization\CUDABinarization.vcxproj", "{812B3753-C0B9-4FE6-B078-10267D5B736D}"
EndProject
Project("{FAE04EC0-301F-11D3-BF4B-00C04F79EFBC}") = "CUDAFingerprinting.TemplateBuilding.Minutiae.BinarizationThinking.Tests", "CUDAFingerprinting.TemplateBuilding.Minutiae.BinarizationThinking.Tests\CUDAFingerprinting.TemplateBuilding.Minutiae.BinarizationThinking.Tests.csproj", "{668CC13B-4839-4CC7-887E-82AC9D95DC7A}"
EndProject
Project("{8BC9CEB8-8B4A-11D0-8D11-00A0C91BC942}") = "CUDAMinutiaeDetection", "CUDAMinutiaeDetection\CUDAMinutiaeDetection.vcxproj", "{8397247F-8BB2-4D41-98C8-EF1CC565B19E}"
EndProject
Global
	GlobalSection(SolutionConfigurationPlatforms) = preSolution
		Debug|Any CPU = Debug|Any CPU
		Debug|Mixed Platforms = Debug|Mixed Platforms
		Debug|Win32 = Debug|Win32
		Debug|x86 = Debug|x86
		Release|Any CPU = Release|Any CPU
		Release|Mixed Platforms = Release|Mixed Platforms
		Release|Win32 = Release|Win32
		Release|x86 = Release|x86
	EndGlobalSection
	GlobalSection(ProjectConfigurationPlatforms) = postSolution
		{5EEC4BD2-E1B0-4794-948A-45732CD41F99}.Debug|Any CPU.ActiveCfg = Debug|Any CPU
		{5EEC4BD2-E1B0-4794-948A-45732CD41F99}.Debug|Any CPU.Build.0 = Debug|Any CPU
		{5EEC4BD2-E1B0-4794-948A-45732CD41F99}.Debug|Mixed Platforms.ActiveCfg = Debug|Any CPU
		{5EEC4BD2-E1B0-4794-948A-45732CD41F99}.Debug|Mixed Platforms.Build.0 = Debug|Any CPU
		{5EEC4BD2-E1B0-4794-948A-45732CD41F99}.Debug|Win32.ActiveCfg = Debug|Any CPU
		{5EEC4BD2-E1B0-4794-948A-45732CD41F99}.Debug|x86.ActiveCfg = Debug|Any CPU
		{5EEC4BD2-E1B0-4794-948A-45732CD41F99}.Release|Any CPU.ActiveCfg = Release|Any CPU
		{5EEC4BD2-E1B0-4794-948A-45732CD41F99}.Release|Any CPU.Build.0 = Release|Any CPU
		{5EEC4BD2-E1B0-4794-948A-45732CD41F99}.Release|Mixed Platforms.ActiveCfg = Release|Any CPU
		{5EEC4BD2-E1B0-4794-948A-45732CD41F99}.Release|Mixed Platforms.Build.0 = Release|Any CPU
		{5EEC4BD2-E1B0-4794-948A-45732CD41F99}.Release|Win32.ActiveCfg = Release|Any CPU
		{5EEC4BD2-E1B0-4794-948A-45732CD41F99}.Release|x86.ActiveCfg = Release|Any CPU
		{37C1F4E0-0285-4816-97B8-C7140EC0FD88}.Debug|Any CPU.ActiveCfg = Debug|Win32
		{37C1F4E0-0285-4816-97B8-C7140EC0FD88}.Debug|Mixed Platforms.ActiveCfg = Debug|Win32
		{37C1F4E0-0285-4816-97B8-C7140EC0FD88}.Debug|Mixed Platforms.Build.0 = Debug|Win32
		{37C1F4E0-0285-4816-97B8-C7140EC0FD88}.Debug|Win32.ActiveCfg = Debug|Win32
		{37C1F4E0-0285-4816-97B8-C7140EC0FD88}.Debug|Win32.Build.0 = Debug|Win32
		{37C1F4E0-0285-4816-97B8-C7140EC0FD88}.Debug|x86.ActiveCfg = Debug|Win32
		{37C1F4E0-0285-4816-97B8-C7140EC0FD88}.Release|Any CPU.ActiveCfg = Release|Win32
		{37C1F4E0-0285-4816-97B8-C7140EC0FD88}.Release|Mixed Platforms.ActiveCfg = Release|Win32
		{37C1F4E0-0285-4816-97B8-C7140EC0FD88}.Release|Mixed Platforms.Build.0 = Release|Win32
		{37C1F4E0-0285-4816-97B8-C7140EC0FD88}.Release|Win32.ActiveCfg = Release|Win32
		{37C1F4E0-0285-4816-97B8-C7140EC0FD88}.Release|Win32.Build.0 = Release|Win32
		{37C1F4E0-0285-4816-97B8-C7140EC0FD88}.Release|x86.ActiveCfg = Release|Win32
		{0BA2BA9A-687E-41D5-9564-653667A3323B}.Debug|Any CPU.ActiveCfg = Debug|x86
		{0BA2BA9A-687E-41D5-9564-653667A3323B}.Debug|Mixed Platforms.ActiveCfg = Debug|x86
		{0BA2BA9A-687E-41D5-9564-653667A3323B}.Debug|Mixed Platforms.Build.0 = Debug|x86
		{0BA2BA9A-687E-41D5-9564-653667A3323B}.Debug|Win32.ActiveCfg = Debug|x86
		{0BA2BA9A-687E-41D5-9564-653667A3323B}.Debug|x86.ActiveCfg = Debug|x86
		{0BA2BA9A-687E-41D5-9564-653667A3323B}.Debug|x86.Build.0 = Debug|x86
		{0BA2BA9A-687E-41D5-9564-653667A3323B}.Release|Any CPU.ActiveCfg = Release|x86
		{0BA2BA9A-687E-41D5-9564-653667A3323B}.Release|Mixed Platforms.ActiveCfg = Release|x86
		{0BA2BA9A-687E-41D5-9564-653667A3323B}.Release|Mixed Platforms.Build.0 = Release|x86
		{0BA2BA9A-687E-41D5-9564-653667A3323B}.Release|Win32.ActiveCfg = Release|x86
		{0BA2BA9A-687E-41D5-9564-653667A3323B}.Release|x86.ActiveCfg = Release|x86
		{0BA2BA9A-687E-41D5-9564-653667A3323B}.Release|x86.Build.0 = Release|x86
		{6FD094CC-0F63-47BD-A377-F054AE615517}.Debug|Any CPU.ActiveCfg = Debug|Any CPU
		{6FD094CC-0F63-47BD-A377-F054AE615517}.Debug|Any CPU.Build.0 = Debug|Any CPU
		{6FD094CC-0F63-47BD-A377-F054AE615517}.Debug|Mixed Platforms.ActiveCfg = Debug|Any CPU
		{6FD094CC-0F63-47BD-A377-F054AE615517}.Debug|Mixed Platforms.Build.0 = Debug|Any CPU
		{6FD094CC-0F63-47BD-A377-F054AE615517}.Debug|Win32.ActiveCfg = Debug|Any CPU
		{6FD094CC-0F63-47BD-A377-F054AE615517}.Debug|x86.ActiveCfg = Debug|Any CPU
		{6FD094CC-0F63-47BD-A377-F054AE615517}.Release|Any CPU.ActiveCfg = Release|Any CPU
		{6FD094CC-0F63-47BD-A377-F054AE615517}.Release|Any CPU.Build.0 = Release|Any CPU
		{6FD094CC-0F63-47BD-A377-F054AE615517}.Release|Mixed Platforms.ActiveCfg = Release|Any CPU
		{6FD094CC-0F63-47BD-A377-F054AE615517}.Release|Mixed Platforms.Build.0 = Release|Any CPU
		{6FD094CC-0F63-47BD-A377-F054AE615517}.Release|Win32.ActiveCfg = Release|Any CPU
		{6FD094CC-0F63-47BD-A377-F054AE615517}.Release|x86.ActiveCfg = Release|Any CPU
		{0826A364-6A2F-4351-AFFA-7877BF8578F3}.Debug|Any CPU.ActiveCfg = Debug|x86
		{0826A364-6A2F-4351-AFFA-7877BF8578F3}.Debug|Mixed Platforms.ActiveCfg = Debug|x86
		{0826A364-6A2F-4351-AFFA-7877BF8578F3}.Debug|Mixed Platforms.Build.0 = Debug|x86
		{0826A364-6A2F-4351-AFFA-7877BF8578F3}.Debug|Win32.ActiveCfg = Debug|x86
		{0826A364-6A2F-4351-AFFA-7877BF8578F3}.Debug|x86.ActiveCfg = Debug|x86
		{0826A364-6A2F-4351-AFFA-7877BF8578F3}.Debug|x86.Build.0 = Debug|x86
		{0826A364-6A2F-4351-AFFA-7877BF8578F3}.Release|Any CPU.ActiveCfg = Release|x86
		{0826A364-6A2F-4351-AFFA-7877BF8578F3}.Release|Mixed Platforms.ActiveCfg = Release|x86
		{0826A364-6A2F-4351-AFFA-7877BF8578F3}.Release|Mixed Platforms.Build.0 = Release|x86
		{0826A364-6A2F-4351-AFFA-7877BF8578F3}.Release|Win32.ActiveCfg = Release|x86
		{0826A364-6A2F-4351-AFFA-7877BF8578F3}.Release|x86.ActiveCfg = Release|x86
		{0826A364-6A2F-4351-AFFA-7877BF8578F3}.Release|x86.Build.0 = Release|x86
		{9139DE55-F3B0-4118-83A6-9604D83DCBC6}.Debug|Any CPU.ActiveCfg = Debug|x86
		{9139DE55-F3B0-4118-83A6-9604D83DCBC6}.Debug|Mixed Platforms.ActiveCfg = Debug|x86
		{9139DE55-F3B0-4118-83A6-9604D83DCBC6}.Debug|Mixed Platforms.Build.0 = Debug|x86
		{9139DE55-F3B0-4118-83A6-9604D83DCBC6}.Debug|Win32.ActiveCfg = Debug|x86
		{9139DE55-F3B0-4118-83A6-9604D83DCBC6}.Debug|x86.ActiveCfg = Debug|x86
		{9139DE55-F3B0-4118-83A6-9604D83DCBC6}.Debug|x86.Build.0 = Debug|x86
		{9139DE55-F3B0-4118-83A6-9604D83DCBC6}.Release|Any CPU.ActiveCfg = Release|x86
		{9139DE55-F3B0-4118-83A6-9604D83DCBC6}.Release|Mixed Platforms.ActiveCfg = Release|x86
		{9139DE55-F3B0-4118-83A6-9604D83DCBC6}.Release|Mixed Platforms.Build.0 = Release|x86
		{9139DE55-F3B0-4118-83A6-9604D83DCBC6}.Release|Win32.ActiveCfg = Release|x86
		{9139DE55-F3B0-4118-83A6-9604D83DCBC6}.Release|x86.ActiveCfg = Release|x86
		{9139DE55-F3B0-4118-83A6-9604D83DCBC6}.Release|x86.Build.0 = Release|x86
		{98E3BD2D-0774-472E-A5F7-4E8EC945D651}.Debug|Any CPU.ActiveCfg = Debug|Win32
		{98E3BD2D-0774-472E-A5F7-4E8EC945D651}.Debug|Mixed Platforms.ActiveCfg = Debug|Win32
		{98E3BD2D-0774-472E-A5F7-4E8EC945D651}.Debug|Mixed Platforms.Build.0 = Debug|Win32
		{98E3BD2D-0774-472E-A5F7-4E8EC945D651}.Debug|Win32.ActiveCfg = Debug|Win32
		{98E3BD2D-0774-472E-A5F7-4E8EC945D651}.Debug|Win32.Build.0 = Debug|Win32
		{98E3BD2D-0774-472E-A5F7-4E8EC945D651}.Debug|x86.ActiveCfg = Debug|Win32
		{98E3BD2D-0774-472E-A5F7-4E8EC945D651}.Release|Any CPU.ActiveCfg = Release|Win32
		{98E3BD2D-0774-472E-A5F7-4E8EC945D651}.Release|Mixed Platforms.ActiveCfg = Release|Win32
		{98E3BD2D-0774-472E-A5F7-4E8EC945D651}.Release|Mixed Platforms.Build.0 = Release|Win32
		{98E3BD2D-0774-472E-A5F7-4E8EC945D651}.Release|Win32.ActiveCfg = Release|Win32
		{98E3BD2D-0774-472E-A5F7-4E8EC945D651}.Release|Win32.Build.0 = Release|Win32
		{98E3BD2D-0774-472E-A5F7-4E8EC945D651}.Release|x86.ActiveCfg = Release|Win32
		{5ABE7D91-51F9-46B8-ADA5-5CDFF6B0781E}.Debug|Any CPU.ActiveCfg = Debug|Any CPU
		{5ABE7D91-51F9-46B8-ADA5-5CDFF6B0781E}.Debug|Any CPU.Build.0 = Debug|Any CPU
		{5ABE7D91-51F9-46B8-ADA5-5CDFF6B0781E}.Debug|Mixed Platforms.ActiveCfg = Debug|Any CPU
		{5ABE7D91-51F9-46B8-ADA5-5CDFF6B0781E}.Debug|Mixed Platforms.Build.0 = Debug|Any CPU
		{5ABE7D91-51F9-46B8-ADA5-5CDFF6B0781E}.Debug|Win32.ActiveCfg = Debug|Any CPU
		{5ABE7D91-51F9-46B8-ADA5-5CDFF6B0781E}.Debug|x86.ActiveCfg = Debug|Any CPU
		{5ABE7D91-51F9-46B8-ADA5-5CDFF6B0781E}.Release|Any CPU.ActiveCfg = Release|Any CPU
		{5ABE7D91-51F9-46B8-ADA5-5CDFF6B0781E}.Release|Any CPU.Build.0 = Release|Any CPU
		{5ABE7D91-51F9-46B8-ADA5-5CDFF6B0781E}.Release|Mixed Platforms.ActiveCfg = Release|Any CPU
		{5ABE7D91-51F9-46B8-ADA5-5CDFF6B0781E}.Release|Mixed Platforms.Build.0 = Release|Any CPU
		{5ABE7D91-51F9-46B8-ADA5-5CDFF6B0781E}.Release|Win32.ActiveCfg = Release|Any CPU
		{5ABE7D91-51F9-46B8-ADA5-5CDFF6B0781E}.Release|x86.ActiveCfg = Release|Any CPU
		{A4F068DE-AACD-4FBC-8C5D-8F1EF8A1591B}.Debug|Any CPU.ActiveCfg = Debug|Any CPU
		{A4F068DE-AACD-4FBC-8C5D-8F1EF8A1591B}.Debug|Any CPU.Build.0 = Debug|Any CPU
		{A4F068DE-AACD-4FBC-8C5D-8F1EF8A1591B}.Debug|Mixed Platforms.ActiveCfg = Debug|Any CPU
		{A4F068DE-AACD-4FBC-8C5D-8F1EF8A1591B}.Debug|Mixed Platforms.Build.0 = Debug|Any CPU
		{A4F068DE-AACD-4FBC-8C5D-8F1EF8A1591B}.Debug|Win32.ActiveCfg = Debug|Any CPU
		{A4F068DE-AACD-4FBC-8C5D-8F1EF8A1591B}.Debug|x86.ActiveCfg = Debug|Any CPU
		{A4F068DE-AACD-4FBC-8C5D-8F1EF8A1591B}.Release|Any CPU.ActiveCfg = Release|Any CPU
		{A4F068DE-AACD-4FBC-8C5D-8F1EF8A1591B}.Release|Any CPU.Build.0 = Release|Any CPU
		{A4F068DE-AACD-4FBC-8C5D-8F1EF8A1591B}.Release|Mixed Platforms.ActiveCfg = Release|Any CPU
		{A4F068DE-AACD-4FBC-8C5D-8F1EF8A1591B}.Release|Mixed Platforms.Build.0 = Release|Any CPU
		{A4F068DE-AACD-4FBC-8C5D-8F1EF8A1591B}.Release|Win32.ActiveCfg = Release|Any CPU
		{A4F068DE-AACD-4FBC-8C5D-8F1EF8A1591B}.Release|x86.ActiveCfg = Release|Any CPU
		{64FB4D9D-1046-4444-A15D-A2CB392F9F5A}.Debug|Any CPU.ActiveCfg = Debug|Any CPU
		{64FB4D9D-1046-4444-A15D-A2CB392F9F5A}.Debug|Any CPU.Build.0 = Debug|Any CPU
		{64FB4D9D-1046-4444-A15D-A2CB392F9F5A}.Debug|Mixed Platforms.ActiveCfg = Debug|Any CPU
		{64FB4D9D-1046-4444-A15D-A2CB392F9F5A}.Debug|Mixed Platforms.Build.0 = Debug|Any CPU
		{64FB4D9D-1046-4444-A15D-A2CB392F9F5A}.Debug|Win32.ActiveCfg = Debug|Any CPU
		{64FB4D9D-1046-4444-A15D-A2CB392F9F5A}.Debug|x86.ActiveCfg = Debug|Any CPU
		{64FB4D9D-1046-4444-A15D-A2CB392F9F5A}.Release|Any CPU.ActiveCfg = Release|Any CPU
		{64FB4D9D-1046-4444-A15D-A2CB392F9F5A}.Release|Any CPU.Build.0 = Release|Any CPU
		{64FB4D9D-1046-4444-A15D-A2CB392F9F5A}.Release|Mixed Platforms.ActiveCfg = Release|Any CPU
		{64FB4D9D-1046-4444-A15D-A2CB392F9F5A}.Release|Mixed Platforms.Build.0 = Release|Any CPU
		{64FB4D9D-1046-4444-A15D-A2CB392F9F5A}.Release|Win32.ActiveCfg = Release|Any CPU
		{64FB4D9D-1046-4444-A15D-A2CB392F9F5A}.Release|x86.ActiveCfg = Release|Any CPU
		{83EBBA4F-41BD-4103-92DA-8923AEC11EFA}.Debug|Any CPU.ActiveCfg = Debug|Any CPU
		{83EBBA4F-41BD-4103-92DA-8923AEC11EFA}.Debug|Any CPU.Build.0 = Debug|Any CPU
		{83EBBA4F-41BD-4103-92DA-8923AEC11EFA}.Debug|Mixed Platforms.ActiveCfg = Debug|Any CPU
		{83EBBA4F-41BD-4103-92DA-8923AEC11EFA}.Debug|Mixed Platforms.Build.0 = Debug|Any CPU
		{83EBBA4F-41BD-4103-92DA-8923AEC11EFA}.Debug|Win32.ActiveCfg = Debug|Any CPU
		{83EBBA4F-41BD-4103-92DA-8923AEC11EFA}.Debug|x86.ActiveCfg = Debug|Any CPU
		{83EBBA4F-41BD-4103-92DA-8923AEC11EFA}.Release|Any CPU.ActiveCfg = Release|Any CPU
		{83EBBA4F-41BD-4103-92DA-8923AEC11EFA}.Release|Any CPU.Build.0 = Release|Any CPU
		{83EBBA4F-41BD-4103-92DA-8923AEC11EFA}.Release|Mixed Platforms.ActiveCfg = Release|Any CPU
		{83EBBA4F-41BD-4103-92DA-8923AEC11EFA}.Release|Mixed Platforms.Build.0 = Release|Any CPU
		{83EBBA4F-41BD-4103-92DA-8923AEC11EFA}.Release|Win32.ActiveCfg = Release|Any CPU
		{83EBBA4F-41BD-4103-92DA-8923AEC11EFA}.Release|x86.ActiveCfg = Release|Any CPU
		{9CBC91CE-0EE7-4A78-A5F5-89EA40023F52}.Debug|Any CPU.ActiveCfg = Debug|Any CPU
		{9CBC91CE-0EE7-4A78-A5F5-89EA40023F52}.Debug|Any CPU.Build.0 = Debug|Any CPU
		{9CBC91CE-0EE7-4A78-A5F5-89EA40023F52}.Debug|Mixed Platforms.ActiveCfg = Debug|Any CPU
		{9CBC91CE-0EE7-4A78-A5F5-89EA40023F52}.Debug|Mixed Platforms.Build.0 = Debug|Any CPU
		{9CBC91CE-0EE7-4A78-A5F5-89EA40023F52}.Debug|Win32.ActiveCfg = Debug|Any CPU
		{9CBC91CE-0EE7-4A78-A5F5-89EA40023F52}.Debug|x86.ActiveCfg = Debug|Any CPU
		{9CBC91CE-0EE7-4A78-A5F5-89EA40023F52}.Release|Any CPU.ActiveCfg = Release|Any CPU
		{9CBC91CE-0EE7-4A78-A5F5-89EA40023F52}.Release|Any CPU.Build.0 = Release|Any CPU
		{9CBC91CE-0EE7-4A78-A5F5-89EA40023F52}.Release|Mixed Platforms.ActiveCfg = Release|Any CPU
		{9CBC91CE-0EE7-4A78-A5F5-89EA40023F52}.Release|Mixed Platforms.Build.0 = Release|Any CPU
		{9CBC91CE-0EE7-4A78-A5F5-89EA40023F52}.Release|Win32.ActiveCfg = Release|Any CPU
		{9CBC91CE-0EE7-4A78-A5F5-89EA40023F52}.Release|x86.ActiveCfg = Release|Any CPU
		{01F4E3A6-AC45-4A74-B757-9EA4675B7688}.Debug|Any CPU.ActiveCfg = Debug|Any CPU
		{01F4E3A6-AC45-4A74-B757-9EA4675B7688}.Debug|Any CPU.Build.0 = Debug|Any CPU
		{01F4E3A6-AC45-4A74-B757-9EA4675B7688}.Debug|Mixed Platforms.ActiveCfg = Debug|Any CPU
		{01F4E3A6-AC45-4A74-B757-9EA4675B7688}.Debug|Mixed Platforms.Build.0 = Debug|Any CPU
		{01F4E3A6-AC45-4A74-B757-9EA4675B7688}.Debug|Win32.ActiveCfg = Debug|Any CPU
		{01F4E3A6-AC45-4A74-B757-9EA4675B7688}.Debug|x86.ActiveCfg = Debug|Any CPU
		{01F4E3A6-AC45-4A74-B757-9EA4675B7688}.Release|Any CPU.ActiveCfg = Release|Any CPU
		{01F4E3A6-AC45-4A74-B757-9EA4675B7688}.Release|Any CPU.Build.0 = Release|Any CPU
		{01F4E3A6-AC45-4A74-B757-9EA4675B7688}.Release|Mixed Platforms.ActiveCfg = Release|Any CPU
		{01F4E3A6-AC45-4A74-B757-9EA4675B7688}.Release|Mixed Platforms.Build.0 = Release|Any CPU
		{01F4E3A6-AC45-4A74-B757-9EA4675B7688}.Release|Win32.ActiveCfg = Release|Any CPU
		{01F4E3A6-AC45-4A74-B757-9EA4675B7688}.Release|x86.ActiveCfg = Release|Any CPU
		{74B7C604-38C8-475D-AD0E-0A5D1519FEC9}.Debug|Any CPU.ActiveCfg = Debug|Any CPU
		{74B7C604-38C8-475D-AD0E-0A5D1519FEC9}.Debug|Any CPU.Build.0 = Debug|Any CPU
		{74B7C604-38C8-475D-AD0E-0A5D1519FEC9}.Debug|Mixed Platforms.ActiveCfg = Debug|Any CPU
		{74B7C604-38C8-475D-AD0E-0A5D1519FEC9}.Debug|Mixed Platforms.Build.0 = Debug|Any CPU
		{74B7C604-38C8-475D-AD0E-0A5D1519FEC9}.Debug|Win32.ActiveCfg = Debug|Any CPU
		{74B7C604-38C8-475D-AD0E-0A5D1519FEC9}.Debug|x86.ActiveCfg = Debug|Any CPU
		{74B7C604-38C8-475D-AD0E-0A5D1519FEC9}.Release|Any CPU.ActiveCfg = Release|Any CPU
		{74B7C604-38C8-475D-AD0E-0A5D1519FEC9}.Release|Any CPU.Build.0 = Release|Any CPU
		{74B7C604-38C8-475D-AD0E-0A5D1519FEC9}.Release|Mixed Platforms.ActiveCfg = Release|Any CPU
		{74B7C604-38C8-475D-AD0E-0A5D1519FEC9}.Release|Mixed Platforms.Build.0 = Release|Any CPU
		{74B7C604-38C8-475D-AD0E-0A5D1519FEC9}.Release|Win32.ActiveCfg = Release|Any CPU
		{74B7C604-38C8-475D-AD0E-0A5D1519FEC9}.Release|x86.ActiveCfg = Release|Any CPU
		{F2CF4953-53C3-4BDD-BAD5-C93D65E3F47C}.Debug|Any CPU.ActiveCfg = Debug|Any CPU
		{F2CF4953-53C3-4BDD-BAD5-C93D65E3F47C}.Debug|Any CPU.Build.0 = Debug|Any CPU
		{F2CF4953-53C3-4BDD-BAD5-C93D65E3F47C}.Debug|Mixed Platforms.ActiveCfg = Debug|Any CPU
		{F2CF4953-53C3-4BDD-BAD5-C93D65E3F47C}.Debug|Mixed Platforms.Build.0 = Debug|Any CPU
		{F2CF4953-53C3-4BDD-BAD5-C93D65E3F47C}.Debug|Win32.ActiveCfg = Debug|Any CPU
		{F2CF4953-53C3-4BDD-BAD5-C93D65E3F47C}.Debug|x86.ActiveCfg = Debug|Any CPU
		{F2CF4953-53C3-4BDD-BAD5-C93D65E3F47C}.Release|Any CPU.ActiveCfg = Release|Any CPU
		{F2CF4953-53C3-4BDD-BAD5-C93D65E3F47C}.Release|Any CPU.Build.0 = Release|Any CPU
		{F2CF4953-53C3-4BDD-BAD5-C93D65E3F47C}.Release|Mixed Platforms.ActiveCfg = Release|Any CPU
		{F2CF4953-53C3-4BDD-BAD5-C93D65E3F47C}.Release|Mixed Platforms.Build.0 = Release|Any CPU
		{F2CF4953-53C3-4BDD-BAD5-C93D65E3F47C}.Release|Win32.ActiveCfg = Release|Any CPU
		{F2CF4953-53C3-4BDD-BAD5-C93D65E3F47C}.Release|x86.ActiveCfg = Release|Any CPU
		{8E0B3659-1BED-4580-B777-FE45D6840175}.Debug|Any CPU.ActiveCfg = Debug|Any CPU
		{8E0B3659-1BED-4580-B777-FE45D6840175}.Debug|Any CPU.Build.0 = Debug|Any CPU
		{8E0B3659-1BED-4580-B777-FE45D6840175}.Debug|Mixed Platforms.ActiveCfg = Debug|Any CPU
		{8E0B3659-1BED-4580-B777-FE45D6840175}.Debug|Mixed Platforms.Build.0 = Debug|Any CPU
		{8E0B3659-1BED-4580-B777-FE45D6840175}.Debug|Win32.ActiveCfg = Debug|Any CPU
		{8E0B3659-1BED-4580-B777-FE45D6840175}.Debug|x86.ActiveCfg = Debug|Any CPU
		{8E0B3659-1BED-4580-B777-FE45D6840175}.Release|Any CPU.ActiveCfg = Release|Any CPU
		{8E0B3659-1BED-4580-B777-FE45D6840175}.Release|Any CPU.Build.0 = Release|Any CPU
		{8E0B3659-1BED-4580-B777-FE45D6840175}.Release|Mixed Platforms.ActiveCfg = Release|Any CPU
		{8E0B3659-1BED-4580-B777-FE45D6840175}.Release|Mixed Platforms.Build.0 = Release|Any CPU
		{8E0B3659-1BED-4580-B777-FE45D6840175}.Release|Win32.ActiveCfg = Release|Any CPU
		{8E0B3659-1BED-4580-B777-FE45D6840175}.Release|x86.ActiveCfg = Release|Any CPU
		{6BEF775C-E400-4EA6-A220-15BE47B27148}.Debug|Any CPU.ActiveCfg = Debug|Any CPU
		{6BEF775C-E400-4EA6-A220-15BE47B27148}.Debug|Any CPU.Build.0 = Debug|Any CPU
		{6BEF775C-E400-4EA6-A220-15BE47B27148}.Debug|Mixed Platforms.ActiveCfg = Debug|Any CPU
		{6BEF775C-E400-4EA6-A220-15BE47B27148}.Debug|Mixed Platforms.Build.0 = Debug|Any CPU
		{6BEF775C-E400-4EA6-A220-15BE47B27148}.Debug|Win32.ActiveCfg = Debug|Any CPU
		{6BEF775C-E400-4EA6-A220-15BE47B27148}.Debug|x86.ActiveCfg = Debug|Any CPU
		{6BEF775C-E400-4EA6-A220-15BE47B27148}.Release|Any CPU.ActiveCfg = Release|Any CPU
		{6BEF775C-E400-4EA6-A220-15BE47B27148}.Release|Any CPU.Build.0 = Release|Any CPU
		{6BEF775C-E400-4EA6-A220-15BE47B27148}.Release|Mixed Platforms.ActiveCfg = Release|Any CPU
		{6BEF775C-E400-4EA6-A220-15BE47B27148}.Release|Mixed Platforms.Build.0 = Release|Any CPU
		{6BEF775C-E400-4EA6-A220-15BE47B27148}.Release|Win32.ActiveCfg = Release|Any CPU
		{6BEF775C-E400-4EA6-A220-15BE47B27148}.Release|x86.ActiveCfg = Release|Any CPU
		{52391E9E-C750-4C33-BB5D-118555C98C80}.Debug|Any CPU.ActiveCfg = Debug|Any CPU
		{52391E9E-C750-4C33-BB5D-118555C98C80}.Debug|Any CPU.Build.0 = Debug|Any CPU
		{52391E9E-C750-4C33-BB5D-118555C98C80}.Debug|Mixed Platforms.ActiveCfg = Debug|Any CPU
		{52391E9E-C750-4C33-BB5D-118555C98C80}.Debug|Mixed Platforms.Build.0 = Debug|Any CPU
		{52391E9E-C750-4C33-BB5D-118555C98C80}.Debug|Win32.ActiveCfg = Debug|Any CPU
		{52391E9E-C750-4C33-BB5D-118555C98C80}.Debug|x86.ActiveCfg = Debug|Any CPU
		{52391E9E-C750-4C33-BB5D-118555C98C80}.Release|Any CPU.ActiveCfg = Release|Any CPU
		{52391E9E-C750-4C33-BB5D-118555C98C80}.Release|Any CPU.Build.0 = Release|Any CPU
		{52391E9E-C750-4C33-BB5D-118555C98C80}.Release|Mixed Platforms.ActiveCfg = Release|Any CPU
		{52391E9E-C750-4C33-BB5D-118555C98C80}.Release|Mixed Platforms.Build.0 = Release|Any CPU
		{52391E9E-C750-4C33-BB5D-118555C98C80}.Release|Win32.ActiveCfg = Release|Any CPU
		{52391E9E-C750-4C33-BB5D-118555C98C80}.Release|x86.ActiveCfg = Release|Any CPU
		{DDF83AFE-585E-463E-8835-FD11B389EF04}.Debug|Any CPU.ActiveCfg = Debug|Any CPU
		{DDF83AFE-585E-463E-8835-FD11B389EF04}.Debug|Any CPU.Build.0 = Debug|Any CPU
		{DDF83AFE-585E-463E-8835-FD11B389EF04}.Debug|Mixed Platforms.ActiveCfg = Debug|Any CPU
		{DDF83AFE-585E-463E-8835-FD11B389EF04}.Debug|Mixed Platforms.Build.0 = Debug|Any CPU
		{DDF83AFE-585E-463E-8835-FD11B389EF04}.Debug|Win32.ActiveCfg = Debug|Any CPU
		{DDF83AFE-585E-463E-8835-FD11B389EF04}.Debug|x86.ActiveCfg = Debug|Any CPU
		{DDF83AFE-585E-463E-8835-FD11B389EF04}.Release|Any CPU.ActiveCfg = Release|Any CPU
		{DDF83AFE-585E-463E-8835-FD11B389EF04}.Release|Any CPU.Build.0 = Release|Any CPU
		{DDF83AFE-585E-463E-8835-FD11B389EF04}.Release|Mixed Platforms.ActiveCfg = Release|Any CPU
		{DDF83AFE-585E-463E-8835-FD11B389EF04}.Release|Mixed Platforms.Build.0 = Release|Any CPU
		{DDF83AFE-585E-463E-8835-FD11B389EF04}.Release|Win32.ActiveCfg = Release|Any CPU
		{DDF83AFE-585E-463E-8835-FD11B389EF04}.Release|x86.ActiveCfg = Release|Any CPU
		{C57F6464-8900-4CC8-A08C-5A7B33BDAF60}.Debug|Any CPU.ActiveCfg = Debug|Any CPU
		{C57F6464-8900-4CC8-A08C-5A7B33BDAF60}.Debug|Any CPU.Build.0 = Debug|Any CPU
		{C57F6464-8900-4CC8-A08C-5A7B33BDAF60}.Debug|Mixed Platforms.ActiveCfg = Debug|Any CPU
		{C57F6464-8900-4CC8-A08C-5A7B33BDAF60}.Debug|Mixed Platforms.Build.0 = Debug|Any CPU
		{C57F6464-8900-4CC8-A08C-5A7B33BDAF60}.Debug|Win32.ActiveCfg = Debug|Any CPU
		{C57F6464-8900-4CC8-A08C-5A7B33BDAF60}.Debug|x86.ActiveCfg = Debug|Any CPU
		{C57F6464-8900-4CC8-A08C-5A7B33BDAF60}.Release|Any CPU.ActiveCfg = Release|Any CPU
		{C57F6464-8900-4CC8-A08C-5A7B33BDAF60}.Release|Any CPU.Build.0 = Release|Any CPU
		{C57F6464-8900-4CC8-A08C-5A7B33BDAF60}.Release|Mixed Platforms.ActiveCfg = Release|Any CPU
		{C57F6464-8900-4CC8-A08C-5A7B33BDAF60}.Release|Mixed Platforms.Build.0 = Release|Any CPU
		{C57F6464-8900-4CC8-A08C-5A7B33BDAF60}.Release|Win32.ActiveCfg = Release|Any CPU
		{C57F6464-8900-4CC8-A08C-5A7B33BDAF60}.Release|x86.ActiveCfg = Release|Any CPU
		{40003687-EBA3-4E83-8076-357F83F89C70}.Debug|Any CPU.ActiveCfg = Debug|Any CPU
		{40003687-EBA3-4E83-8076-357F83F89C70}.Debug|Any CPU.Build.0 = Debug|Any CPU
		{40003687-EBA3-4E83-8076-357F83F89C70}.Debug|Mixed Platforms.ActiveCfg = Debug|Any CPU
		{40003687-EBA3-4E83-8076-357F83F89C70}.Debug|Mixed Platforms.Build.0 = Debug|Any CPU
		{40003687-EBA3-4E83-8076-357F83F89C70}.Debug|Win32.ActiveCfg = Debug|Any CPU
		{40003687-EBA3-4E83-8076-357F83F89C70}.Debug|x86.ActiveCfg = Debug|Any CPU
		{40003687-EBA3-4E83-8076-357F83F89C70}.Release|Any CPU.ActiveCfg = Release|Any CPU
		{40003687-EBA3-4E83-8076-357F83F89C70}.Release|Any CPU.Build.0 = Release|Any CPU
		{40003687-EBA3-4E83-8076-357F83F89C70}.Release|Mixed Platforms.ActiveCfg = Release|Any CPU
		{40003687-EBA3-4E83-8076-357F83F89C70}.Release|Mixed Platforms.Build.0 = Release|Any CPU
		{40003687-EBA3-4E83-8076-357F83F89C70}.Release|Win32.ActiveCfg = Release|Any CPU
		{40003687-EBA3-4E83-8076-357F83F89C70}.Release|x86.ActiveCfg = Release|Any CPU
		{EE1897E3-C25D-468E-855D-F9C6F8890D47}.Debug|Any CPU.ActiveCfg = Debug|Win32
		{EE1897E3-C25D-468E-855D-F9C6F8890D47}.Debug|Mixed Platforms.ActiveCfg = Debug|Win32
		{EE1897E3-C25D-468E-855D-F9C6F8890D47}.Debug|Mixed Platforms.Build.0 = Debug|Win32
		{EE1897E3-C25D-468E-855D-F9C6F8890D47}.Debug|Win32.ActiveCfg = Debug|Win32
		{EE1897E3-C25D-468E-855D-F9C6F8890D47}.Debug|Win32.Build.0 = Debug|Win32
		{EE1897E3-C25D-468E-855D-F9C6F8890D47}.Debug|x86.ActiveCfg = Debug|Win32
		{EE1897E3-C25D-468E-855D-F9C6F8890D47}.Release|Any CPU.ActiveCfg = Release|Win32
		{EE1897E3-C25D-468E-855D-F9C6F8890D47}.Release|Mixed Platforms.ActiveCfg = Release|Win32
		{EE1897E3-C25D-468E-855D-F9C6F8890D47}.Release|Mixed Platforms.Build.0 = Release|Win32
		{EE1897E3-C25D-468E-855D-F9C6F8890D47}.Release|Win32.ActiveCfg = Release|Win32
		{EE1897E3-C25D-468E-855D-F9C6F8890D47}.Release|Win32.Build.0 = Release|Win32
		{EE1897E3-C25D-468E-855D-F9C6F8890D47}.Release|x86.ActiveCfg = Release|Win32
		{4E94B69F-754B-4463-B141-B03DC58B1FBC}.Debug|Any CPU.ActiveCfg = Debug|Win32
		{4E94B69F-754B-4463-B141-B03DC58B1FBC}.Debug|Mixed Platforms.ActiveCfg = Debug|Win32
		{4E94B69F-754B-4463-B141-B03DC58B1FBC}.Debug|Mixed Platforms.Build.0 = Debug|Win32
		{4E94B69F-754B-4463-B141-B03DC58B1FBC}.Debug|Win32.ActiveCfg = Debug|Win32
		{4E94B69F-754B-4463-B141-B03DC58B1FBC}.Debug|Win32.Build.0 = Debug|Win32
		{4E94B69F-754B-4463-B141-B03DC58B1FBC}.Debug|x86.ActiveCfg = Debug|Win32
		{4E94B69F-754B-4463-B141-B03DC58B1FBC}.Release|Any CPU.ActiveCfg = Release|Win32
		{4E94B69F-754B-4463-B141-B03DC58B1FBC}.Release|Mixed Platforms.ActiveCfg = Release|Win32
		{4E94B69F-754B-4463-B141-B03DC58B1FBC}.Release|Mixed Platforms.Build.0 = Release|Win32
		{4E94B69F-754B-4463-B141-B03DC58B1FBC}.Release|Win32.ActiveCfg = Release|Win32
		{4E94B69F-754B-4463-B141-B03DC58B1FBC}.Release|Win32.Build.0 = Release|Win32
		{4E94B69F-754B-4463-B141-B03DC58B1FBC}.Release|x86.ActiveCfg = Release|Win32
		{54E311BD-F946-4615-A3A8-443AC8D76F45}.Debug|Any CPU.ActiveCfg = Debug|Win32
		{54E311BD-F946-4615-A3A8-443AC8D76F45}.Debug|Mixed Platforms.ActiveCfg = Debug|Win32
		{54E311BD-F946-4615-A3A8-443AC8D76F45}.Debug|Mixed Platforms.Build.0 = Debug|Win32
		{54E311BD-F946-4615-A3A8-443AC8D76F45}.Debug|Win32.ActiveCfg = Debug|Win32
		{54E311BD-F946-4615-A3A8-443AC8D76F45}.Debug|Win32.Build.0 = Debug|Win32
		{54E311BD-F946-4615-A3A8-443AC8D76F45}.Debug|x86.ActiveCfg = Debug|Win32
		{54E311BD-F946-4615-A3A8-443AC8D76F45}.Release|Any CPU.ActiveCfg = Release|Win32
		{54E311BD-F946-4615-A3A8-443AC8D76F45}.Release|Mixed Platforms.ActiveCfg = Release|Win32
		{54E311BD-F946-4615-A3A8-443AC8D76F45}.Release|Mixed Platforms.Build.0 = Release|Win32
		{54E311BD-F946-4615-A3A8-443AC8D76F45}.Release|Win32.ActiveCfg = Release|Win32
		{54E311BD-F946-4615-A3A8-443AC8D76F45}.Release|Win32.Build.0 = Release|Win32
		{54E311BD-F946-4615-A3A8-443AC8D76F45}.Release|x86.ActiveCfg = Release|Win32
		{2903088B-5258-448A-B107-32B5C8D78C73}.Debug|Any CPU.ActiveCfg = Debug|Any CPU
		{2903088B-5258-448A-B107-32B5C8D78C73}.Debug|Any CPU.Build.0 = Debug|Any CPU
		{2903088B-5258-448A-B107-32B5C8D78C73}.Debug|Mixed Platforms.ActiveCfg = Debug|Any CPU
		{2903088B-5258-448A-B107-32B5C8D78C73}.Debug|Mixed Platforms.Build.0 = Debug|Any CPU
		{2903088B-5258-448A-B107-32B5C8D78C73}.Debug|Win32.ActiveCfg = Debug|Any CPU
		{2903088B-5258-448A-B107-32B5C8D78C73}.Debug|x86.ActiveCfg = Debug|Any CPU
		{2903088B-5258-448A-B107-32B5C8D78C73}.Release|Any CPU.ActiveCfg = Release|Any CPU
		{2903088B-5258-448A-B107-32B5C8D78C73}.Release|Any CPU.Build.0 = Release|Any CPU
		{2903088B-5258-448A-B107-32B5C8D78C73}.Release|Mixed Platforms.ActiveCfg = Release|Any CPU
		{2903088B-5258-448A-B107-32B5C8D78C73}.Release|Mixed Platforms.Build.0 = Release|Any CPU
		{2903088B-5258-448A-B107-32B5C8D78C73}.Release|Win32.ActiveCfg = Release|Any CPU
		{2903088B-5258-448A-B107-32B5C8D78C73}.Release|x86.ActiveCfg = Release|Any CPU
		{812B3753-C0B9-4FE6-B078-10267D5B736D}.Debug|Any CPU.ActiveCfg = Debug|Win32
		{812B3753-C0B9-4FE6-B078-10267D5B736D}.Debug|Mixed Platforms.ActiveCfg = Debug|Win32
		{812B3753-C0B9-4FE6-B078-10267D5B736D}.Debug|Mixed Platforms.Build.0 = Debug|Win32
		{812B3753-C0B9-4FE6-B078-10267D5B736D}.Debug|Win32.ActiveCfg = Debug|Win32
		{812B3753-C0B9-4FE6-B078-10267D5B736D}.Debug|Win32.Build.0 = Debug|Win32
		{812B3753-C0B9-4FE6-B078-10267D5B736D}.Debug|x86.ActiveCfg = Debug|Win32
		{812B3753-C0B9-4FE6-B078-10267D5B736D}.Release|Any CPU.ActiveCfg = Release|Win32
		{812B3753-C0B9-4FE6-B078-10267D5B736D}.Release|Mixed Platforms.ActiveCfg = Release|Win32
		{812B3753-C0B9-4FE6-B078-10267D5B736D}.Release|Mixed Platforms.Build.0 = Release|Win32
		{812B3753-C0B9-4FE6-B078-10267D5B736D}.Release|Win32.ActiveCfg = Release|Win32
		{812B3753-C0B9-4FE6-B078-10267D5B736D}.Release|Win32.Build.0 = Release|Win32
		{812B3753-C0B9-4FE6-B078-10267D5B736D}.Release|x86.ActiveCfg = Release|Win32
		{668CC13B-4839-4CC7-887E-82AC9D95DC7A}.Debug|Any CPU.ActiveCfg = Debug|Any CPU
		{668CC13B-4839-4CC7-887E-82AC9D95DC7A}.Debug|Any CPU.Build.0 = Debug|Any CPU
		{668CC13B-4839-4CC7-887E-82AC9D95DC7A}.Debug|Mixed Platforms.ActiveCfg = Debug|Any CPU
		{668CC13B-4839-4CC7-887E-82AC9D95DC7A}.Debug|Mixed Platforms.Build.0 = Debug|Any CPU
		{668CC13B-4839-4CC7-887E-82AC9D95DC7A}.Debug|Win32.ActiveCfg = Debug|Any CPU
		{668CC13B-4839-4CC7-887E-82AC9D95DC7A}.Debug|x86.ActiveCfg = Debug|Any CPU
		{668CC13B-4839-4CC7-887E-82AC9D95DC7A}.Release|Any CPU.ActiveCfg = Release|Any CPU
		{668CC13B-4839-4CC7-887E-82AC9D95DC7A}.Release|Any CPU.Build.0 = Release|Any CPU
		{668CC13B-4839-4CC7-887E-82AC9D95DC7A}.Release|Mixed Platforms.ActiveCfg = Release|Any CPU
		{668CC13B-4839-4CC7-887E-82AC9D95DC7A}.Release|Mixed Platforms.Build.0 = Release|Any CPU
		{668CC13B-4839-4CC7-887E-82AC9D95DC7A}.Release|Win32.ActiveCfg = Release|Any CPU
		{668CC13B-4839-4CC7-887E-82AC9D95DC7A}.Release|x86.ActiveCfg = Release|Any CPU
		{8397247F-8BB2-4D41-98C8-EF1CC565B19E}.Debug|Any CPU.ActiveCfg = Debug|Win32
		{8397247F-8BB2-4D41-98C8-EF1CC565B19E}.Debug|Mixed Platforms.ActiveCfg = Debug|Win32
		{8397247F-8BB2-4D41-98C8-EF1CC565B19E}.Debug|Mixed Platforms.Build.0 = Debug|Win32
		{8397247F-8BB2-4D41-98C8-EF1CC565B19E}.Debug|Win32.ActiveCfg = Debug|Win32
		{8397247F-8BB2-4D41-98C8-EF1CC565B19E}.Debug|Win32.Build.0 = Debug|Win32
		{8397247F-8BB2-4D41-98C8-EF1CC565B19E}.Debug|x86.ActiveCfg = Debug|Win32
		{8397247F-8BB2-4D41-98C8-EF1CC565B19E}.Release|Any CPU.ActiveCfg = Release|Win32
		{8397247F-8BB2-4D41-98C8-EF1CC565B19E}.Release|Mixed Platforms.ActiveCfg = Release|Win32
		{8397247F-8BB2-4D41-98C8-EF1CC565B19E}.Release|Mixed Platforms.Build.0 = Release|Win32
		{8397247F-8BB2-4D41-98C8-EF1CC565B19E}.Release|Win32.ActiveCfg = Release|Win32
		{8397247F-8BB2-4D41-98C8-EF1CC565B19E}.Release|Win32.Build.0 = Release|Win32
		{8397247F-8BB2-4D41-98C8-EF1CC565B19E}.Release|x86.ActiveCfg = Release|Win32
	EndGlobalSection
	GlobalSection(SolutionProperties) = preSolution
		HideSolutionNode = FALSE
	EndGlobalSection
	GlobalSection(NestedProjects) = preSolution
		{E1D96C30-1596-4CC9-8F10-31335FD69F87} = {9D6BCF2F-F319-44A5-A22D-DE1588E51CE7}
		{2F3D03AF-9E78-4166-A27E-16D815D2D60D} = {9D6BCF2F-F319-44A5-A22D-DE1588E51CE7}
		{FD5F3081-19EA-4120-93E6-60A16767BE20} = {9D6BCF2F-F319-44A5-A22D-DE1588E51CE7}
		{56B26949-F946-4327-AE7C-1104B3418B02} = {9D6BCF2F-F319-44A5-A22D-DE1588E51CE7}
		{D9C88B60-F0F0-4008-AC9F-0E4C9861DC7F} = {9D6BCF2F-F319-44A5-A22D-DE1588E51CE7}
		{035755C9-6E6C-4124-A5B3-A5E9D5F5DA21} = {9D6BCF2F-F319-44A5-A22D-DE1588E51CE7}
		{0BA2BA9A-687E-41D5-9564-653667A3323B} = {CBFC5374-A7E8-4511-BDDF-431518148856}
		{98E3BD2D-0774-472E-A5F7-4E8EC945D651} = {CBFC5374-A7E8-4511-BDDF-431518148856}
		{37C1F4E0-0285-4816-97B8-C7140EC0FD88} = {CBFC5374-A7E8-4511-BDDF-431518148856}
		{EE1897E3-C25D-468E-855D-F9C6F8890D47} = {CBFC5374-A7E8-4511-BDDF-431518148856}
		{4E94B69F-754B-4463-B141-B03DC58B1FBC} = {CBFC5374-A7E8-4511-BDDF-431518148856}
		{54E311BD-F946-4615-A3A8-443AC8D76F45} = {CBFC5374-A7E8-4511-BDDF-431518148856}
		{812B3753-C0B9-4FE6-B078-10267D5B736D} = {CBFC5374-A7E8-4511-BDDF-431518148856}
		{8397247F-8BB2-4D41-98C8-EF1CC565B19E} = {CBFC5374-A7E8-4511-BDDF-431518148856}
		{5EEC4BD2-E1B0-4794-948A-45732CD41F99} = {E1D96C30-1596-4CC9-8F10-31335FD69F87}
		{6FD094CC-0F63-47BD-A377-F054AE615517} = {E1D96C30-1596-4CC9-8F10-31335FD69F87}
		{9CBC91CE-0EE7-4A78-A5F5-89EA40023F52} = {E1D96C30-1596-4CC9-8F10-31335FD69F87}
		{6BEF775C-E400-4EA6-A220-15BE47B27148} = {E1D96C30-1596-4CC9-8F10-31335FD69F87}
		{DDF83AFE-585E-463E-8835-FD11B389EF04} = {E1D96C30-1596-4CC9-8F10-31335FD69F87}
		{C57F6464-8900-4CC8-A08C-5A7B33BDAF60} = {E1D96C30-1596-4CC9-8F10-31335FD69F87}
		{0826A364-6A2F-4351-AFFA-7877BF8578F3} = {2F3D03AF-9E78-4166-A27E-16D815D2D60D}
		{01F4E3A6-AC45-4A74-B757-9EA4675B7688} = {2F3D03AF-9E78-4166-A27E-16D815D2D60D}
		{74B7C604-38C8-475D-AD0E-0A5D1519FEC9} = {2F3D03AF-9E78-4166-A27E-16D815D2D60D}
		{9139DE55-F3B0-4118-83A6-9604D83DCBC6} = {FD5F3081-19EA-4120-93E6-60A16767BE20}
		{A4F068DE-AACD-4FBC-8C5D-8F1EF8A1591B} = {56B26949-F946-4327-AE7C-1104B3418B02}
		{64FB4D9D-1046-4444-A15D-A2CB392F9F5A} = {56B26949-F946-4327-AE7C-1104B3418B02}
		{5ABE7D91-51F9-46B8-ADA5-5CDFF6B0781E} = {56B26949-F946-4327-AE7C-1104B3418B02}
		{83EBBA4F-41BD-4103-92DA-8923AEC11EFA} = {D9C88B60-F0F0-4008-AC9F-0E4C9861DC7F}
		{8E0B3659-1BED-4580-B777-FE45D6840175} = {D9C88B60-F0F0-4008-AC9F-0E4C9861DC7F}
		{F2CF4953-53C3-4BDD-BAD5-C93D65E3F47C} = {035755C9-6E6C-4124-A5B3-A5E9D5F5DA21}
		{52391E9E-C750-4C33-BB5D-118555C98C80} = {035755C9-6E6C-4124-A5B3-A5E9D5F5DA21}
		{40003687-EBA3-4E83-8076-357F83F89C70} = {035755C9-6E6C-4124-A5B3-A5E9D5F5DA21}
		{2903088B-5258-448A-B107-32B5C8D78C73} = {035755C9-6E6C-4124-A5B3-A5E9D5F5DA21}
		{668CC13B-4839-4CC7-887E-82AC9D95DC7A} = {035755C9-6E6C-4124-A5B3-A5E9D5F5DA21}
	EndGlobalSection
EndGlobal
