
Microsoft Visual Studio Solution File, Format Version 12.00
# Visual Studio 2010
Project("{FAE04EC0-301F-11D3-BF4B-00C04F79EFBC}") = "FingerprintLib", "FingerprintLib\FingerprintLib.csproj", "{5EEC4BD2-E1B0-4794-948A-45732CD41F99}"
EndProject
Project("{8BC9CEB8-8B4A-11D0-8D11-00A0C91BC942}") = "CUDAFingercode", "CUDAFingercode\CUDAFingercode.vcxproj", "{37C1F4E0-0285-4816-97B8-C7140EC0FD88}"
EndProject
Project("{FAE04EC0-301F-11D3-BF4B-00C04F79EFBC}") = "CUDAFingerprint", "CUDAFingerprint\CUDAFingerprint.csproj", "{0BA2BA9A-687E-41D5-9564-653667A3323B}"
	ProjectSection(ProjectDependencies) = postProject
		{37C1F4E0-0285-4816-97B8-C7140EC0FD88} = {37C1F4E0-0285-4816-97B8-C7140EC0FD88}
	EndProjectSection
EndProject
Project("{FAE04EC0-301F-11D3-BF4B-00C04F79EFBC}") = "FingerprintPhD.Common", "FingerprintPhD.Common\FingerprintPhD.Common.csproj", "{6FD094CC-0F63-47BD-A377-F054AE615517}"
EndProject
Project("{FAE04EC0-301F-11D3-BF4B-00C04F79EFBC}") = "FingercodeAnalysis", "FingerprintPhD\FingercodeAnalysis.csproj", "{0826A364-6A2F-4351-AFFA-7877BF8578F3}"
EndProject
Project("{FAE04EC0-301F-11D3-BF4B-00C04F79EFBC}") = "PSort", "PSort\PSort.csproj", "{F0216CD0-9AB9-48BE-8121-4F673E4F067A}"
EndProject
Project("{FAE04EC0-301F-11D3-BF4B-00C04F79EFBC}") = "ComplexFilterQA", "ComplexFilterQA\ComplexFilterQA.csproj", "{9139DE55-F3B0-4118-83A6-9604D83DCBC6}"
EndProject
Project("{8BC9CEB8-8B4A-11D0-8D11-00A0C91BC942}") = "CUDAMinutiaeMatcher", "CUDAMinutiaeMatcher\CUDAMinutiaeMatcher.vcxproj", "{98E3BD2D-0774-472E-A5F7-4E8EC945D651}"
EndProject
Global
	GlobalSection(SolutionConfigurationPlatforms) = preSolution
		Debug|Any CPU = Debug|Any CPU
		Debug|Mixed Platforms = Debug|Mixed Platforms
		Debug|Win32 = Debug|Win32
		Debug|x86 = Debug|x86
		Release|Any CPU = Release|Any CPU
		Release|Mixed Platforms = Release|Mixed Platforms
		Release|Win32 = Release|Win32
		Release|x86 = Release|x86
	EndGlobalSection
	GlobalSection(ProjectConfigurationPlatforms) = postSolution
		{5EEC4BD2-E1B0-4794-948A-45732CD41F99}.Debug|Any CPU.ActiveCfg = Debug|Any CPU
		{5EEC4BD2-E1B0-4794-948A-45732CD41F99}.Debug|Any CPU.Build.0 = Debug|Any CPU
		{5EEC4BD2-E1B0-4794-948A-45732CD41F99}.Debug|Mixed Platforms.ActiveCfg = Debug|Any CPU
		{5EEC4BD2-E1B0-4794-948A-45732CD41F99}.Debug|Mixed Platforms.Build.0 = Debug|Any CPU
		{5EEC4BD2-E1B0-4794-948A-45732CD41F99}.Debug|Win32.ActiveCfg = Debug|Any CPU
		{5EEC4BD2-E1B0-4794-948A-45732CD41F99}.Debug|x86.ActiveCfg = Debug|Any CPU
		{5EEC4BD2-E1B0-4794-948A-45732CD41F99}.Release|Any CPU.ActiveCfg = Release|Any CPU
		{5EEC4BD2-E1B0-4794-948A-45732CD41F99}.Release|Any CPU.Build.0 = Release|Any CPU
		{5EEC4BD2-E1B0-4794-948A-45732CD41F99}.Release|Mixed Platforms.ActiveCfg = Release|Any CPU
		{5EEC4BD2-E1B0-4794-948A-45732CD41F99}.Release|Mixed Platforms.Build.0 = Release|Any CPU
		{5EEC4BD2-E1B0-4794-948A-45732CD41F99}.Release|Win32.ActiveCfg = Release|Any CPU
		{5EEC4BD2-E1B0-4794-948A-45732CD41F99}.Release|x86.ActiveCfg = Release|Any CPU
		{37C1F4E0-0285-4816-97B8-C7140EC0FD88}.Debug|Any CPU.ActiveCfg = Debug|Win32
		{37C1F4E0-0285-4816-97B8-C7140EC0FD88}.Debug|Mixed Platforms.ActiveCfg = Debug|Win32
		{37C1F4E0-0285-4816-97B8-C7140EC0FD88}.Debug|Mixed Platforms.Build.0 = Debug|Win32
		{37C1F4E0-0285-4816-97B8-C7140EC0FD88}.Debug|Win32.ActiveCfg = Debug|Win32
		{37C1F4E0-0285-4816-97B8-C7140EC0FD88}.Debug|Win32.Build.0 = Debug|Win32
		{37C1F4E0-0285-4816-97B8-C7140EC0FD88}.Debug|x86.ActiveCfg = Debug|Win32
		{37C1F4E0-0285-4816-97B8-C7140EC0FD88}.Release|Any CPU.ActiveCfg = Release|Win32
		{37C1F4E0-0285-4816-97B8-C7140EC0FD88}.Release|Mixed Platforms.ActiveCfg = Release|Win32
		{37C1F4E0-0285-4816-97B8-C7140EC0FD88}.Release|Mixed Platforms.Build.0 = Release|Win32
		{37C1F4E0-0285-4816-97B8-C7140EC0FD88}.Release|Win32.ActiveCfg = Release|Win32
		{37C1F4E0-0285-4816-97B8-C7140EC0FD88}.Release|Win32.Build.0 = Release|Win32
		{37C1F4E0-0285-4816-97B8-C7140EC0FD88}.Release|x86.ActiveCfg = Release|Win32
		{0BA2BA9A-687E-41D5-9564-653667A3323B}.Debug|Any CPU.ActiveCfg = Debug|x86
		{0BA2BA9A-687E-41D5-9564-653667A3323B}.Debug|Mixed Platforms.ActiveCfg = Debug|x86
		{0BA2BA9A-687E-41D5-9564-653667A3323B}.Debug|Mixed Platforms.Build.0 = Debug|x86
		{0BA2BA9A-687E-41D5-9564-653667A3323B}.Debug|Win32.ActiveCfg = Debug|x86
		{0BA2BA9A-687E-41D5-9564-653667A3323B}.Debug|x86.ActiveCfg = Debug|x86
		{0BA2BA9A-687E-41D5-9564-653667A3323B}.Debug|x86.Build.0 = Debug|x86
		{0BA2BA9A-687E-41D5-9564-653667A3323B}.Release|Any CPU.ActiveCfg = Release|x86
		{0BA2BA9A-687E-41D5-9564-653667A3323B}.Release|Mixed Platforms.ActiveCfg = Release|x86
		{0BA2BA9A-687E-41D5-9564-653667A3323B}.Release|Mixed Platforms.Build.0 = Release|x86
		{0BA2BA9A-687E-41D5-9564-653667A3323B}.Release|Win32.ActiveCfg = Release|x86
		{0BA2BA9A-687E-41D5-9564-653667A3323B}.Release|x86.ActiveCfg = Release|x86
		{0BA2BA9A-687E-41D5-9564-653667A3323B}.Release|x86.Build.0 = Release|x86
		{6FD094CC-0F63-47BD-A377-F054AE615517}.Debug|Any CPU.ActiveCfg = Debug|Any CPU
		{6FD094CC-0F63-47BD-A377-F054AE615517}.Debug|Any CPU.Build.0 = Debug|Any CPU
		{6FD094CC-0F63-47BD-A377-F054AE615517}.Debug|Mixed Platforms.ActiveCfg = Debug|Any CPU
		{6FD094CC-0F63-47BD-A377-F054AE615517}.Debug|Mixed Platforms.Build.0 = Debug|Any CPU
		{6FD094CC-0F63-47BD-A377-F054AE615517}.Debug|Win32.ActiveCfg = Debug|Any CPU
		{6FD094CC-0F63-47BD-A377-F054AE615517}.Debug|x86.ActiveCfg = Debug|Any CPU
		{6FD094CC-0F63-47BD-A377-F054AE615517}.Release|Any CPU.ActiveCfg = Release|Any CPU
		{6FD094CC-0F63-47BD-A377-F054AE615517}.Release|Any CPU.Build.0 = Release|Any CPU
		{6FD094CC-0F63-47BD-A377-F054AE615517}.Release|Mixed Platforms.ActiveCfg = Release|Any CPU
		{6FD094CC-0F63-47BD-A377-F054AE615517}.Release|Mixed Platforms.Build.0 = Release|Any CPU
		{6FD094CC-0F63-47BD-A377-F054AE615517}.Release|Win32.ActiveCfg = Release|Any CPU
		{6FD094CC-0F63-47BD-A377-F054AE615517}.Release|x86.ActiveCfg = Release|Any CPU
		{0826A364-6A2F-4351-AFFA-7877BF8578F3}.Debug|Any CPU.ActiveCfg = Debug|x86
		{0826A364-6A2F-4351-AFFA-7877BF8578F3}.Debug|Mixed Platforms.ActiveCfg = Debug|x86
		{0826A364-6A2F-4351-AFFA-7877BF8578F3}.Debug|Mixed Platforms.Build.0 = Debug|x86
		{0826A364-6A2F-4351-AFFA-7877BF8578F3}.Debug|Win32.ActiveCfg = Debug|x86
		{0826A364-6A2F-4351-AFFA-7877BF8578F3}.Debug|x86.ActiveCfg = Debug|x86
		{0826A364-6A2F-4351-AFFA-7877BF8578F3}.Debug|x86.Build.0 = Debug|x86
		{0826A364-6A2F-4351-AFFA-7877BF8578F3}.Release|Any CPU.ActiveCfg = Release|x86
		{0826A364-6A2F-4351-AFFA-7877BF8578F3}.Release|Mixed Platforms.ActiveCfg = Release|x86
		{0826A364-6A2F-4351-AFFA-7877BF8578F3}.Release|Mixed Platforms.Build.0 = Release|x86
		{0826A364-6A2F-4351-AFFA-7877BF8578F3}.Release|Win32.ActiveCfg = Release|x86
		{0826A364-6A2F-4351-AFFA-7877BF8578F3}.Release|x86.ActiveCfg = Release|x86
		{0826A364-6A2F-4351-AFFA-7877BF8578F3}.Release|x86.Build.0 = Release|x86
		{F0216CD0-9AB9-48BE-8121-4F673E4F067A}.Debug|Any CPU.ActiveCfg = Debug|x86
		{F0216CD0-9AB9-48BE-8121-4F673E4F067A}.Debug|Mixed Platforms.ActiveCfg = Debug|x86
		{F0216CD0-9AB9-48BE-8121-4F673E4F067A}.Debug|Mixed Platforms.Build.0 = Debug|x86
		{F0216CD0-9AB9-48BE-8121-4F673E4F067A}.Debug|Win32.ActiveCfg = Debug|x86
		{F0216CD0-9AB9-48BE-8121-4F673E4F067A}.Debug|x86.ActiveCfg = Debug|x86
		{F0216CD0-9AB9-48BE-8121-4F673E4F067A}.Debug|x86.Build.0 = Debug|x86
		{F0216CD0-9AB9-48BE-8121-4F673E4F067A}.Release|Any CPU.ActiveCfg = Release|x86
		{F0216CD0-9AB9-48BE-8121-4F673E4F067A}.Release|Mixed Platforms.ActiveCfg = Release|x86
		{F0216CD0-9AB9-48BE-8121-4F673E4F067A}.Release|Mixed Platforms.Build.0 = Release|x86
		{F0216CD0-9AB9-48BE-8121-4F673E4F067A}.Release|Win32.ActiveCfg = Release|x86
		{F0216CD0-9AB9-48BE-8121-4F673E4F067A}.Release|x86.ActiveCfg = Release|x86
		{F0216CD0-9AB9-48BE-8121-4F673E4F067A}.Release|x86.Build.0 = Release|x86
		{9139DE55-F3B0-4118-83A6-9604D83DCBC6}.Debug|Any CPU.ActiveCfg = Debug|x86
		{9139DE55-F3B0-4118-83A6-9604D83DCBC6}.Debug|Mixed Platforms.ActiveCfg = Debug|x86
		{9139DE55-F3B0-4118-83A6-9604D83DCBC6}.Debug|Mixed Platforms.Build.0 = Debug|x86
		{9139DE55-F3B0-4118-83A6-9604D83DCBC6}.Debug|Win32.ActiveCfg = Debug|x86
		{9139DE55-F3B0-4118-83A6-9604D83DCBC6}.Debug|x86.ActiveCfg = Debug|x86
		{9139DE55-F3B0-4118-83A6-9604D83DCBC6}.Debug|x86.Build.0 = Debug|x86
		{9139DE55-F3B0-4118-83A6-9604D83DCBC6}.Release|Any CPU.ActiveCfg = Release|x86
		{9139DE55-F3B0-4118-83A6-9604D83DCBC6}.Release|Mixed Platforms.ActiveCfg = Release|x86
		{9139DE55-F3B0-4118-83A6-9604D83DCBC6}.Release|Mixed Platforms.Build.0 = Release|x86
		{9139DE55-F3B0-4118-83A6-9604D83DCBC6}.Release|Win32.ActiveCfg = Release|x86
		{9139DE55-F3B0-4118-83A6-9604D83DCBC6}.Release|x86.ActiveCfg = Release|x86
		{9139DE55-F3B0-4118-83A6-9604D83DCBC6}.Release|x86.Build.0 = Release|x86
		{98E3BD2D-0774-472E-A5F7-4E8EC945D651}.Debug|Any CPU.ActiveCfg = Debug|Win32
		{98E3BD2D-0774-472E-A5F7-4E8EC945D651}.Debug|Mixed Platforms.ActiveCfg = Debug|Win32
		{98E3BD2D-0774-472E-A5F7-4E8EC945D651}.Debug|Mixed Platforms.Build.0 = Debug|Win32
		{98E3BD2D-0774-472E-A5F7-4E8EC945D651}.Debug|Win32.ActiveCfg = Debug|Win32
		{98E3BD2D-0774-472E-A5F7-4E8EC945D651}.Debug|Win32.Build.0 = Debug|Win32
		{98E3BD2D-0774-472E-A5F7-4E8EC945D651}.Debug|x86.ActiveCfg = Debug|Win32
		{98E3BD2D-0774-472E-A5F7-4E8EC945D651}.Release|Any CPU.ActiveCfg = Release|Win32
		{98E3BD2D-0774-472E-A5F7-4E8EC945D651}.Release|Mixed Platforms.ActiveCfg = Release|Win32
		{98E3BD2D-0774-472E-A5F7-4E8EC945D651}.Release|Mixed Platforms.Build.0 = Release|Win32
		{98E3BD2D-0774-472E-A5F7-4E8EC945D651}.Release|Win32.ActiveCfg = Release|Win32
		{98E3BD2D-0774-472E-A5F7-4E8EC945D651}.Release|Win32.Build.0 = Release|Win32
		{98E3BD2D-0774-472E-A5F7-4E8EC945D651}.Release|x86.ActiveCfg = Release|Win32
	EndGlobalSection
	GlobalSection(SolutionProperties) = preSolution
		HideSolutionNode = FALSE
	EndGlobalSection
EndGlobal
